api:
  system_packages:
    git: "1:2.1.4-2.1+deb8u7"
    libicu-dev: "52.1-8+deb8u7"
    libpcre3-dev: "2:8.35-3.3+deb8u4"
    libssl-dev: "1.0.1t-1+deb8u11"
    openssl: "1.0.1t-1+deb8u11"
    zlib1g-dev: "1:1.2.8.dfsg-2+b1"
    libxml2-dev: "2.9.1+dfsg1-5+deb8u7"
    unzip: "6.0-16+deb8u5"
  extensions:
    apcu: "*"
    intl: "*"
    # @TODO: should not be enabled in dev stage
    opcache: "*"
    pdo_mysql: "*"
    redis: "*"
    soap: "*"
    sockets: "*"
    # @TODO: should be added automatically as it's requied by Composer
    zip: "*"
