base_image: docker.io/library/php:7.3-fpm-alpine@some-updated-sha256
extension_dir: /some/updated/path
osrelease:
  name: alpine
  versionname: ""
  versionid: 3.11.2
source_context: null
stages:
  dev:
    extensions:
      intl: '*'
      pdo_mysql: '*'
      redis: 5.1.0
      soap: '*'
      sockets: '*'
      yaml: 1.1.0
      zip: '*'
    system_packages:
      git: git-version
      icu-dev: icu-dev-version
      libxml2-dev: libxml2-dev-version
      libzip-dev: libzip-dev-version
      openssl-dev: libssl-dev-version
      unzip: unzip-version
  prod:
    extensions:
      apcu: 5.1.18
      intl: '*'
      opcache: '*'
      pdo_mysql: '*'
      redis: 5.1.0
      soap: '*'
      sockets: '*'
      yaml: 1.1.0
      zip: '*'
    system_packages:
      git: git-version
      icu-dev: icu-dev-version
      libxml2-dev: libxml2-dev-version
      libzip-dev: libzip-dev-version
      openssl-dev: libssl-dev-version
      unzip: unzip-version
