base_image: docker.io/library/php:7.4-fpm-buster@sha256:24c6c895d0e22fcbfd67fed04eba192d983e6bf01d9714c6e7e371255a682e17
defhash: 4719473280499134212
extension_dir: /usr/local/lib/php/extensions/no-debug-non-zts-20190902
osrelease:
  name: debian
  versionname: buster
  versionid: "10"
source_context:
  path: ""
  reference: 76915aeb35e60b0efc0df3eab0585a815f8d5fe3
  source: git://github.com/Laravel-Backpack/Demo
  type: git
stages:
  dev:
    extensions:
      pdo_mysql: '*'
      zip: '*'
    system_packages:
      git: 1:2.20.1-2+deb10u1
      libssl-dev: 1.1.1d-0+deb10u2
      libxml2-dev: 2.9.4+dfsg1-7+b3
      libzip-dev: 1.5.1-4
      unzip: 6.0-23+deb10u1
      zlib1g-dev: 1:1.2.11.dfsg-1
  prod:
    extensions:
      apcu: 5.1.18
      opcache: '*'
      pdo_mysql: '*'
      zip: '*'
    system_packages:
      git: 1:2.20.1-2+deb10u1
      libxml2-dev: 2.9.4+dfsg1-7+b3
      libzip-dev: 1.5.1-4
      unzip: 6.0-23+deb10u1
      zlib1g-dev: 1:1.2.11.dfsg-1
webserver:
  base_image: docker.io/library/nginx:latest@sha256:282530fcb7cd19f3848c7b611043f82ae4be3781cb00105a1d593d7e6286b596
  osrelease:
    name: debian
    versionname: buster
    versionid: "10"
  system_packages:
    curl: 7.64.0-4+deb10u1
