base: docker.io/library/node:lts-buster-slim@sha256:08fbaedaa09f60f6f22bcb09849ed4000d02630dc18821b080fb8c847e6723e7
defhash: 3052806369715581406
osrelease:
  name: debian
  versionname: buster
  versionid: "10"
source_context:
  path: ""
  reference: ba04b70c31af81ca7935096740a6e083563b3a4a
  source: git://github.com/gothinkster/node-express-realworld-example-app
  type: git
stages:
  dev:
    system_packages: {}
  prod:
    system_packages: {}
webserver:
  base_image: docker.io/library/nginx:latest@sha256:282530fcb7cd19f3848c7b611043f82ae4be3781cb00105a1d593d7e6286b596
  osrelease:
    name: debian
    versionname: buster
    versionid: "10"
  system_packages:
    curl: 7.64.0-4+deb10u1
