base_image: docker.io/devilbox/php-fpm-8.0:latest@sha256:6fb72a4a5d91a076019afec13c1914cecfcf1459b6624996edd6bb8e7d87b7a7
defhash: 5868208241010966384
extension_dir: /usr/local/lib/php/extensions/no-debug-non-zts-20190128
osrelease:
  name: debian
  versionname: buster
  versionid: "10"
source_context: null
stages:
  dev:
    extensions:
      zip: '*'
    system_packages:
      git: 1:2.20.1-2+deb10u3
      libsqlite3-dev: 3.27.2-3
      libzip-dev: 1.5.1-4
      unzip: 6.0-23+deb10u1
      zlib1g-dev: 1:1.2.11.dfsg-1
  prod:
    extensions:
      apcu: 5.1.18
      opcache: '*'
      zip: '*'
    system_packages:
      git: 1:2.20.1-2+deb10u3
      libsqlite3-dev: 3.27.2-3
      libzip-dev: 1.5.1-4
      unzip: 6.0-23+deb10u1
      zlib1g-dev: 1:1.2.11.dfsg-1
webserver:
  base_image: docker.io/library/nginx:latest@sha256:30dfa439718a17baafefadf16c5e7c9d0a1cde97b4fd84f63b69e13513be7097
  osrelease:
    name: debian
    versionname: buster
    versionid: "10"
  system_packages:
    curl: 7.64.0-4+deb10u1
