base: docker.io/library/node:lts-buster-slim@sha256:08fbaedaa09f60f6f22bcb09849ed4000d02630dc18821b080fb8c847e6723e7
defhash: 8348209520401830947
osrelease:
  name: debian
  versionname: buster
  versionid: "10"
source_context:
  path: ""
  reference: c4f895c02f2ac583dc0cc4874f4def4414f71679
  source: git://github.com/sveltejs/realworld
  type: git
stages:
  dev:
    system_packages: {}
  prod:
    system_packages: {}
webserver:
  base_image: docker.io/library/nginx:latest@sha256:282530fcb7cd19f3848c7b611043f82ae4be3781cb00105a1d593d7e6286b596
  osrelease:
    name: debian
    versionname: buster
    versionid: "10"
  system_packages:
    curl: 7.64.0-4+deb10u1
