base_image: docker.io/library/php:7.3-fpm-buster
stages:
  dev:
    system_packages:
      git: 1:2.20.1-2+deb10u1
      libicu-dev: 63.1-6
      libpcre3-dev: 2:8.39-12
      libpq-dev: 11.5-1+deb10u1
      libxml2-dev: 2.9.4+dfsg1-7+b3
      libzip-dev: 1.5.1-4
      unzip: 6.0-23+deb10u1
      zlib1g-dev: 1:1.2.11.dfsg-1
    extensions:
      apcu: 5.1.17
      intl: '*'
      pdo_pgsql: '*'
      zip: '*'
  prod:
    system_packages:
      git: 1:2.20.1-2+deb10u1
      libicu-dev: 63.1-6
      libpcre3-dev: 2:8.39-12
      libpq-dev: 11.5-1+deb10u1
      libxml2-dev: 2.9.4+dfsg1-7+b3
      libzip-dev: 1.5.1-4
      unzip: 6.0-23+deb10u1
      zlib1g-dev: 1:1.2.11.dfsg-1
    extensions:
      apcu: 5.1.18
      intl: '*'
      opcache: '*'
      pdo_pgsql: '*'
      zip: '*'
