base: docker.io/library/node:12-alpine@sha256:0354aa58867fb873ef47d8345d21dddef1309a36226a425217910bc19fde5fb5
defhash: 1957271039925347422
osrelease:
  name: alpine
  versionname: ""
  versionid: 3.11.5
source_context:
  path: client
  reference: 534ccab2fe371939e8d37d781f70255d57151cc1
  source: github.com/api-platform/demo
  type: git
stages:
  dev:
    system_packages: {}
  prod:
    system_packages: {}
webserver:
  base_image: docker.io/library/nginx:alpine@sha256:b942ebabfeff14ec6a7cb7a4826fe1d2e8dd8b7db5e651b81e4bc9cd6c6e91dc
  osrelease:
    name: alpine
    versionname: ""
    versionid: 3.11.5
  system_packages:
    curl: 7.67.0-r0
