{
    "_readme": [
        "This file locks the dependencies of your project to a known state",
        "Read more about it at https://getcomposer.org/doc/01-basic-usage.md#installing-dependencies",
        "This file is @generated automatically"
    ],
    "content-hash": "d35e6316016d8ee71792fba0dc0a04c0",
    "packages": [
        {
            "name": "clue/stream-filter",
            "version": "v1.4.0",
            "source": {
                "type": "git",
                "url": "https://github.com/clue/php-stream-filter.git",
                "reference": "d80fdee9b3a7e0d16fc330a22f41f3ad0eeb09d0"
            },
            "dist": {
                "type": "zip",
                "url": "https://api.github.com/repos/clue/php-stream-filter/zipball/d80fdee9b3a7e0d16fc330a22f41f3ad0eeb09d0",
                "reference": "d80fdee9b3a7e0d16fc330a22f41f3ad0eeb09d0",
                "shasum": ""
            },
            "require": {
                "php": ">=5.3"
            },
            "require-dev": {
                "phpunit/phpunit": "^5.0 || ^4.8"
            },
            "type": "library",
            "autoload": {
                "psr-4": {
                    "Clue\\StreamFilter\\": "src/"
                },
                "files": [
                    "src/functions.php"
                ]
            },
            "notification-url": "https://packagist.org/downloads/",
            "license": [
                "MIT"
            ],
            "authors": [
                {
                    "name": "Christian Lück",
                    "email": "christian@lueck.tv"
                }
            ],
            "description": "A simple and modern approach to stream filtering in PHP",
            "homepage": "https://github.com/clue/php-stream-filter",
            "keywords": [
                "bucket brigade",
                "callback",
                "filter",
                "php_user_filter",
                "stream",
                "stream_filter_append",
                "stream_filter_register"
            ],
            "time": "2017-08-18T09:54:01+00:00"
