base_image: docker.io/library/php:7.3-fpm-alpine@sha256:c66cb88c90252cfe74491ec5685faf39672ea759aea16a86500242e71c0ce1a7
extension_dir: /usr/local/lib/php/extensions/no-debug-non-zts-20180731
osrelease:
  name: alpine
  versionname: ""
  versionid: 3.11.3
source_context:
  path: api
  reference: 5ecd2177087afbcce8f88ddfedbc7b95e738d961
  source: github.com/api-platform/demo
  type: git
stages:
  consumer:
    extensions:
      apcu: 5.1.17
      intl: '*'
      opcache: '*'
      pdo_pgsql: '*'
      zip: '*'
    system_packages:
      git: 2.24.1-r0
      icu-dev: 64.2-r0
      libxml2-dev: 2.9.10-r1
      libzip-dev: 1.5.2-r0
      postgresql-dev: 12.1-r0
      unzip: 6.0-r4
  dev:
    extensions:
      intl: '*'
      pdo_pgsql: '*'
      zip: '*'
    system_packages:
      git: 2.24.1-r0
      icu-dev: 64.2-r0
      libxml2-dev: 2.9.10-r1
      libzip-dev: 1.5.2-r0
      postgresql-dev: 12.1-r0
      unzip: 6.0-r4
  prod:
    extensions:
      apcu: 5.1.17
      intl: '*'
      opcache: '*'
      pdo_pgsql: '*'
      zip: '*'
    system_packages:
      git: 2.24.1-r0
      icu-dev: 64.2-r0
      libxml2-dev: 2.9.10-r1
      libzip-dev: 1.5.2-r0
      postgresql-dev: 12.1-r0
      unzip: 6.0-r4
webserver:
  base_image: docker.io/library/nginx:latest@sha256:ad5552c786f128e389a0263104ae39f3d3c7895579d45ae716f528185b36bc6f
  system_packages:
    curl: 7.64.0-4
