base_image: docker.io/library/php:7.3-fpm-alpine@sha256:bb781419ef15e6f5d0769aea943b749b7abf4c4882841d8eac90e4751ba494ab
defhash: 14857721941681470598
extension_dir: /usr/local/lib/php/extensions/no-debug-non-zts-20180731
osrelease:
  name: alpine
  versionname: ""
  versionid: 3.11.5
source_context:
  path: api
  reference: 534ccab2fe371939e8d37d781f70255d57151cc1
  source: github.com/api-platform/demo
  type: git
stages:
  consumer:
    extensions:
      apcu: 5.1.17
      intl: '*'
      opcache: '*'
      pdo_pgsql: '*'
      zip: '*'
    system_packages:
      git: 2.24.1-r0
      icu-dev: 64.2-r1
      libxml2-dev: 2.9.10-r2
      libzip-dev: 1.5.2-r0
      postgresql-dev: 12.2-r0
      unzip: 6.0-r6
  dev:
    extensions:
      intl: '*'
      pdo_pgsql: '*'
      zip: '*'
    system_packages:
      git: 2.24.1-r0
      icu-dev: 64.2-r1
      libxml2-dev: 2.9.10-r2
      libzip-dev: 1.5.2-r0
      postgresql-dev: 12.2-r0
      unzip: 6.0-r6
  prod:
    extensions:
      apcu: 5.1.17
      intl: '*'
      opcache: '*'
      pdo_pgsql: '*'
      zip: '*'
    system_packages:
      git: 2.24.1-r0
      icu-dev: 64.2-r1
      libxml2-dev: 2.9.10-r2
      libzip-dev: 1.5.2-r0
      postgresql-dev: 12.2-r0
      unzip: 6.0-r6
webserver:
  base_image: docker.io/library/nginx:alpine@sha256:abe5ce652eb78d9c793df34453fddde12bb4d93d9fbf2c363d0992726e4d2cad
  osrelease:
    name: alpine
    versionname: ""
    versionid: 3.10.4
  system_packages:
    curl: 7.66.0-r0
